
Microsoft Visual Studio Solution File, Format Version 12.00
# Visual Studio Express 2012 for Windows Desktop
Project("{FAE04EC0-301F-11D3-BF4B-00C04F79EFBC}") = "SumofMultiples", "SumofMultiples\SumofMultiples.csproj", "{C1724DA9-C84C-40E0-9CC2-4EAB038EB434}"
EndProject
Project("{FAE04EC0-301F-11D3-BF4B-00C04F79EFBC}") = "SolveSquareEquation", "SolveSquareEquation\SolveSquareEquation.csproj", "{B9FA3130-1AAE-42BB-BE64-7CB629CB4311}"
EndProject
Project("{FAE04EC0-301F-11D3-BF4B-00C04F79EFBC}") = "ArrayReverse", "ArrayReverse\ArrayReverse.csproj", "{49980403-79EE-4821-9F23-C89747660C50}"
EndProject
Project("{FAE04EC0-301F-11D3-BF4B-00C04F79EFBC}") = "IntArrayTransformation", "IntArrayTransformation\IntArrayTransformation.csproj", "{B613A026-9D10-4141-8634-908EF5A03A72}"
EndProject
Project("{FAE04EC0-301F-11D3-BF4B-00C04F79EFBC}") = "StringWordsLowerUpper", "StringWordsLowerUpper\StringWordsLowerUpper.csproj", "{653ECEBD-8623-46F5-9339-9B96D96B7FB8}"
EndProject
Project("{FAE04EC0-301F-11D3-BF4B-00C04F79EFBC}") = "CommonFunctions", "CommonFunctions\CommonFunctions.csproj", "{9A4F15DF-F617-4AF8-BF45-D422B248526A}"
EndProject
Project("{FAE04EC0-301F-11D3-BF4B-00C04F79EFBC}") = "CountLetersInText", "CountLetersInText\CountLetersInText.csproj", "{181EE5C5-94A7-45D5-BBDB-58033F7A6F2D}"
EndProject
Project("{FAE04EC0-301F-11D3-BF4B-00C04F79EFBC}") = "LetterReplacer", "LetterReplacer\LetterReplacer.csproj", "{FD9EDAED-4BEF-423C-8E17-96F949046F58}"
EndProject
Global
	GlobalSection(SolutionConfigurationPlatforms) = preSolution
		Debug|Any CPU = Debug|Any CPU
		Release|Any CPU = Release|Any CPU
	EndGlobalSection
	GlobalSection(ProjectConfigurationPlatforms) = postSolution
		{C1724DA9-C84C-40E0-9CC2-4EAB038EB434}.Debug|Any CPU.ActiveCfg = Debug|Any CPU
		{C1724DA9-C84C-40E0-9CC2-4EAB038EB434}.Debug|Any CPU.Build.0 = Debug|Any CPU
		{C1724DA9-C84C-40E0-9CC2-4EAB038EB434}.Release|Any CPU.ActiveCfg = Release|Any CPU
		{C1724DA9-C84C-40E0-9CC2-4EAB038EB434}.Release|Any CPU.Build.0 = Release|Any CPU
		{B9FA3130-1AAE-42BB-BE64-7CB629CB4311}.Debug|Any CPU.ActiveCfg = Debug|Any CPU
		{B9FA3130-1AAE-42BB-BE64-7CB629CB4311}.Debug|Any CPU.Build.0 = Debug|Any CPU
		{B9FA3130-1AAE-42BB-BE64-7CB629CB4311}.Release|Any CPU.ActiveCfg = Release|Any CPU
		{B9FA3130-1AAE-42BB-BE64-7CB629CB4311}.Release|Any CPU.Build.0 = Release|Any CPU
		{49980403-79EE-4821-9F23-C89747660C50}.Debug|Any CPU.ActiveCfg = Debug|Any CPU
		{49980403-79EE-4821-9F23-C89747660C50}.Debug|Any CPU.Build.0 = Debug|Any CPU
		{49980403-79EE-4821-9F23-C89747660C50}.Release|Any CPU.ActiveCfg = Release|Any CPU
		{49980403-79EE-4821-9F23-C89747660C50}.Release|Any CPU.Build.0 = Release|Any CPU
		{B613A026-9D10-4141-8634-908EF5A03A72}.Debug|Any CPU.ActiveCfg = Debug|Any CPU
		{B613A026-9D10-4141-8634-908EF5A03A72}.Debug|Any CPU.Build.0 = Debug|Any CPU
		{B613A026-9D10-4141-8634-908EF5A03A72}.Release|Any CPU.ActiveCfg = Release|Any CPU
		{B613A026-9D10-4141-8634-908EF5A03A72}.Release|Any CPU.Build.0 = Release|Any CPU
		{653ECEBD-8623-46F5-9339-9B96D96B7FB8}.Debug|Any CPU.ActiveCfg = Debug|Any CPU
		{653ECEBD-8623-46F5-9339-9B96D96B7FB8}.Debug|Any CPU.Build.0 = Debug|Any CPU
		{653ECEBD-8623-46F5-9339-9B96D96B7FB8}.Release|Any CPU.ActiveCfg = Release|Any CPU
		{653ECEBD-8623-46F5-9339-9B96D96B7FB8}.Release|Any CPU.Build.0 = Release|Any CPU
		{9A4F15DF-F617-4AF8-BF45-D422B248526A}.Debug|Any CPU.ActiveCfg = Debug|Any CPU
		{9A4F15DF-F617-4AF8-BF45-D422B248526A}.Debug|Any CPU.Build.0 = Debug|Any CPU
		{9A4F15DF-F617-4AF8-BF45-D422B248526A}.Release|Any CPU.ActiveCfg = Release|Any CPU
		{9A4F15DF-F617-4AF8-BF45-D422B248526A}.Release|Any CPU.Build.0 = Release|Any CPU
		{181EE5C5-94A7-45D5-BBDB-58033F7A6F2D}.Debug|Any CPU.ActiveCfg = Debug|Any CPU
		{181EE5C5-94A7-45D5-BBDB-58033F7A6F2D}.Debug|Any CPU.Build.0 = Debug|Any CPU
		{181EE5C5-94A7-45D5-BBDB-58033F7A6F2D}.Release|Any CPU.ActiveCfg = Release|Any CPU
		{181EE5C5-94A7-45D5-BBDB-58033F7A6F2D}.Release|Any CPU.Build.0 = Release|Any CPU
		{FD9EDAED-4BEF-423C-8E17-96F949046F58}.Debug|Any CPU.ActiveCfg = Debug|Any CPU
		{FD9EDAED-4BEF-423C-8E17-96F949046F58}.Debug|Any CPU.Build.0 = Debug|Any CPU
		{FD9EDAED-4BEF-423C-8E17-96F949046F58}.Release|Any CPU.ActiveCfg = Release|Any CPU
		{FD9EDAED-4BEF-423C-8E17-96F949046F58}.Release|Any CPU.Build.0 = Release|Any CPU
	EndGlobalSection
	GlobalSection(SolutionProperties) = preSolution
		HideSolutionNode = FALSE
	EndGlobalSection
EndGlobal
