
Microsoft Visual Studio Solution File, Format Version 12.00
# Visual Studio Express 2012 for Windows Desktop
Project("{FAE04EC0-301F-11D3-BF4B-00C04F79EFBC}") = "SumofMultiples", "SumofMultiples\SumofMultiples.csproj", "{C1724DA9-C84C-40E0-9CC2-4EAB038EB434}"
EndProject
Project("{FAE04EC0-301F-11D3-BF4B-00C04F79EFBC}") = "SolveSquareEquation", "SolveSquareEquation\SolveSquareEquation.csproj", "{B9FA3130-1AAE-42BB-BE64-7CB629CB4311}"
EndProject
Project("{FAE04EC0-301F-11D3-BF4B-00C04F79EFBC}") = "ArrayReverse", "ArrayReverse\ArrayReverse.csproj", "{49980403-79EE-4821-9F23-C89747660C50}"
EndProject
Project("{FAE04EC0-301F-11D3-BF4B-00C04F79EFBC}") = "IntArrayTransformation", "IntArrayTransformation\IntArrayTransformation.csproj", "{B613A026-9D10-4141-8634-908EF5A03A72}"
EndProject
Project("{FAE04EC0-301F-11D3-BF4B-00C04F79EFBC}") = "StringWordsLowerUpper", "StringWordsLowerUpper\StringWordsLowerUpper.csproj", "{653ECEBD-8623-46F5-9339-9B96D96B7FB8}"
EndProject
Project("{FAE04EC0-301F-11D3-BF4B-00C04F79EFBC}") = "CommonFunctions", "CommonFunctions\CommonFunctions.csproj", "{9A4F15DF-F617-4AF8-BF45-D422B248526A}"
EndProject
Project("{FAE04EC0-301F-11D3-BF4B-00C04F79EFBC}") = "CountLetersInText", "CountLetersInText\CountLetersInText.csproj", "{181EE5C5-94A7-45D5-BBDB-58033F7A6F2D}"
EndProject
Project("{FAE04EC0-301F-11D3-BF4B-00C04F79EFBC}") = "LetterReplacer", "LetterReplacer\LetterReplacer.csproj", "{FD9EDAED-4BEF-423C-8E17-96F949046F58}"
EndProject
Project("{FAE04EC0-301F-11D3-BF4B-00C04F79EFBC}") = "UriSplitter", "UriSplitter\UriSplitter.csproj", "{69057BCB-90F8-43FF-8993-560FDCBACDAF}"
EndProject
Project("{FAE04EC0-301F-11D3-BF4B-00C04F79EFBC}") = "CountSundaysXX", "CountSundaysXX\CountSundaysXX.csproj", "{091FD11D-811A-4A57-9DC1-10B007C3BDCB}"
EndProject
Project("{FAE04EC0-301F-11D3-BF4B-00C04F79EFBC}") = "LastMonthDay", "LastMonthDay\LastMonthDay.csproj", "{07B350EA-EA30-4685-835B-8C93E85833A4}"
EndProject
Project("{FAE04EC0-301F-11D3-BF4B-00C04F79EFBC}") = "FileSortDates", "FileSortDates\FileSortDates.csproj", "{EDBDBCC7-1533-4C54-AE24-619D5C74C1D0}"
EndProject
Project("{FAE04EC0-301F-11D3-BF4B-00C04F79EFBC}") = "DictionarySubstituteString", "DictionarySubstituteString\DictionarySubstituteString.csproj", "{15D23287-BE71-493B-85F4-7BFCFAD3B173}"
EndProject
Project("{FAE04EC0-301F-11D3-BF4B-00C04F79EFBC}") = "BaseBase", "BaseBase\BaseBase.csproj", "{7266EFC3-5F48-4DE0-850E-F2B9242FF296}"
EndProject
Project("{FAE04EC0-301F-11D3-BF4B-00C04F79EFBC}") = "EmployeeOrganizationChart", "EmployeeOrganizationChart\EmployeeOrganizationChart.csproj", "{FCBD0DDE-93ED-44A3-985E-16C3EEFA2BA6}"
EndProject
Global
	GlobalSection(SolutionConfigurationPlatforms) = preSolution
		Debug|x86 = Debug|x86
		Release|x86 = Release|x86
	EndGlobalSection
	GlobalSection(ProjectConfigurationPlatforms) = postSolution
		{C1724DA9-C84C-40E0-9CC2-4EAB038EB434}.Debug|x86.ActiveCfg = Debug|x86
		{C1724DA9-C84C-40E0-9CC2-4EAB038EB434}.Debug|x86.Build.0 = Debug|x86
		{C1724DA9-C84C-40E0-9CC2-4EAB038EB434}.Release|x86.ActiveCfg = Release|x86
		{C1724DA9-C84C-40E0-9CC2-4EAB038EB434}.Release|x86.Build.0 = Release|x86
		{B9FA3130-1AAE-42BB-BE64-7CB629CB4311}.Debug|x86.ActiveCfg = Debug|x86
		{B9FA3130-1AAE-42BB-BE64-7CB629CB4311}.Debug|x86.Build.0 = Debug|x86
		{B9FA3130-1AAE-42BB-BE64-7CB629CB4311}.Release|x86.ActiveCfg = Release|x86
		{B9FA3130-1AAE-42BB-BE64-7CB629CB4311}.Release|x86.Build.0 = Release|x86
		{49980403-79EE-4821-9F23-C89747660C50}.Debug|x86.ActiveCfg = Debug|x86
		{49980403-79EE-4821-9F23-C89747660C50}.Debug|x86.Build.0 = Debug|x86
		{49980403-79EE-4821-9F23-C89747660C50}.Release|x86.ActiveCfg = Release|x86
		{49980403-79EE-4821-9F23-C89747660C50}.Release|x86.Build.0 = Release|x86
		{B613A026-9D10-4141-8634-908EF5A03A72}.Debug|x86.ActiveCfg = Debug|x86
		{B613A026-9D10-4141-8634-908EF5A03A72}.Debug|x86.Build.0 = Debug|x86
		{B613A026-9D10-4141-8634-908EF5A03A72}.Release|x86.ActiveCfg = Release|x86
		{B613A026-9D10-4141-8634-908EF5A03A72}.Release|x86.Build.0 = Release|x86
		{653ECEBD-8623-46F5-9339-9B96D96B7FB8}.Debug|x86.ActiveCfg = Debug|x86
		{653ECEBD-8623-46F5-9339-9B96D96B7FB8}.Debug|x86.Build.0 = Debug|x86
		{653ECEBD-8623-46F5-9339-9B96D96B7FB8}.Release|x86.ActiveCfg = Release|x86
		{653ECEBD-8623-46F5-9339-9B96D96B7FB8}.Release|x86.Build.0 = Release|x86
		{9A4F15DF-F617-4AF8-BF45-D422B248526A}.Debug|x86.ActiveCfg = Debug|x86
		{9A4F15DF-F617-4AF8-BF45-D422B248526A}.Debug|x86.Build.0 = Debug|x86
		{9A4F15DF-F617-4AF8-BF45-D422B248526A}.Release|x86.ActiveCfg = Release|x86
		{9A4F15DF-F617-4AF8-BF45-D422B248526A}.Release|x86.Build.0 = Release|x86
		{181EE5C5-94A7-45D5-BBDB-58033F7A6F2D}.Debug|x86.ActiveCfg = Debug|x86
		{181EE5C5-94A7-45D5-BBDB-58033F7A6F2D}.Debug|x86.Build.0 = Debug|x86
		{181EE5C5-94A7-45D5-BBDB-58033F7A6F2D}.Release|x86.ActiveCfg = Release|x86
		{181EE5C5-94A7-45D5-BBDB-58033F7A6F2D}.Release|x86.Build.0 = Release|x86
		{FD9EDAED-4BEF-423C-8E17-96F949046F58}.Debug|x86.ActiveCfg = Debug|x86
		{FD9EDAED-4BEF-423C-8E17-96F949046F58}.Debug|x86.Build.0 = Debug|x86
		{FD9EDAED-4BEF-423C-8E17-96F949046F58}.Release|x86.ActiveCfg = Release|x86
		{FD9EDAED-4BEF-423C-8E17-96F949046F58}.Release|x86.Build.0 = Release|x86
		{69057BCB-90F8-43FF-8993-560FDCBACDAF}.Debug|x86.ActiveCfg = Debug|x86
		{69057BCB-90F8-43FF-8993-560FDCBACDAF}.Debug|x86.Build.0 = Debug|x86
		{69057BCB-90F8-43FF-8993-560FDCBACDAF}.Release|x86.ActiveCfg = Release|x86
		{69057BCB-90F8-43FF-8993-560FDCBACDAF}.Release|x86.Build.0 = Release|x86
		{091FD11D-811A-4A57-9DC1-10B007C3BDCB}.Debug|x86.ActiveCfg = Debug|x86
		{091FD11D-811A-4A57-9DC1-10B007C3BDCB}.Debug|x86.Build.0 = Debug|x86
		{091FD11D-811A-4A57-9DC1-10B007C3BDCB}.Release|x86.ActiveCfg = Release|x86
		{091FD11D-811A-4A57-9DC1-10B007C3BDCB}.Release|x86.Build.0 = Release|x86
		{07B350EA-EA30-4685-835B-8C93E85833A4}.Debug|x86.ActiveCfg = Debug|x86
		{07B350EA-EA30-4685-835B-8C93E85833A4}.Debug|x86.Build.0 = Debug|x86
		{07B350EA-EA30-4685-835B-8C93E85833A4}.Release|x86.ActiveCfg = Release|x86
		{07B350EA-EA30-4685-835B-8C93E85833A4}.Release|x86.Build.0 = Release|x86
		{EDBDBCC7-1533-4C54-AE24-619D5C74C1D0}.Debug|x86.ActiveCfg = Debug|x86
		{EDBDBCC7-1533-4C54-AE24-619D5C74C1D0}.Debug|x86.Build.0 = Debug|x86
		{EDBDBCC7-1533-4C54-AE24-619D5C74C1D0}.Release|x86.ActiveCfg = Release|x86
		{EDBDBCC7-1533-4C54-AE24-619D5C74C1D0}.Release|x86.Build.0 = Release|x86
		{15D23287-BE71-493B-85F4-7BFCFAD3B173}.Debug|x86.ActiveCfg = Debug|x86
		{15D23287-BE71-493B-85F4-7BFCFAD3B173}.Debug|x86.Build.0 = Debug|x86
		{15D23287-BE71-493B-85F4-7BFCFAD3B173}.Release|x86.ActiveCfg = Release|x86
		{15D23287-BE71-493B-85F4-7BFCFAD3B173}.Release|x86.Build.0 = Release|x86
		{7266EFC3-5F48-4DE0-850E-F2B9242FF296}.Debug|x86.ActiveCfg = Debug|x86
		{7266EFC3-5F48-4DE0-850E-F2B9242FF296}.Debug|x86.Build.0 = Debug|x86
		{7266EFC3-5F48-4DE0-850E-F2B9242FF296}.Release|x86.ActiveCfg = Release|x86
		{7266EFC3-5F48-4DE0-850E-F2B9242FF296}.Release|x86.Build.0 = Release|x86
		{FCBD0DDE-93ED-44A3-985E-16C3EEFA2BA6}.Debug|x86.ActiveCfg = Debug|x86
		{FCBD0DDE-93ED-44A3-985E-16C3EEFA2BA6}.Debug|x86.Build.0 = Debug|x86
		{FCBD0DDE-93ED-44A3-985E-16C3EEFA2BA6}.Release|x86.ActiveCfg = Release|x86
		{FCBD0DDE-93ED-44A3-985E-16C3EEFA2BA6}.Release|x86.Build.0 = Release|x86
	EndGlobalSection
	GlobalSection(SolutionProperties) = preSolution
		HideSolutionNode = FALSE
	EndGlobalSection
EndGlobal
